// !$*UTF8*$!
{
	archiveVersion = 1;
	classes = {
	};
	objectVersion = 46;
	objects = {

/* Begin PBXBuildFile section */
		74C532F11BFA0DE000EDE69A /* main.m in Sources */ = {isa = PBXBuildFile; fileRef = 74C532F01BFA0DE000EDE69A /* main.m */; };
		74C532F41BFA0DE000EDE69A /* AppDelegate.m in Sources */ = {isa = PBXBuildFile; fileRef = 74C532F31BFA0DE000EDE69A /* AppDelegate.m */; };
		74C532F71BFA0DE000EDE69A /* ViewController.m in Sources */ = {isa = PBXBuildFile; fileRef = 74C532F61BFA0DE000EDE69A /* ViewController.m */; };
		74C532FA1BFA0DE000EDE69A /* Main.storyboard in Resources */ = {isa = PBXBuildFile; fileRef = 74C532F81BFA0DE000EDE69A /* Main.storyboard */; };
		74C532FC1BFA0DE000EDE69A /* Images.xcassets in Resources */ = {isa = PBXBuildFile; fileRef = 74C532FB1BFA0DE000EDE69A /* Images.xcassets */; };
		74C532FF1BFA0DE000EDE69A /* LaunchScreen.xib in Resources */ = {isa = PBXBuildFile; fileRef = 74C532FD1BFA0DE000EDE69A /* LaunchScreen.xib */; };
		74C5330B1BFA0DE000EDE69A /* iSouvenirTests.m in Sources */ = {isa = PBXBuildFile; fileRef = 74C5330A1BFA0DE000EDE69A /* iSouvenirTests.m */; };
		74C533161BFA128F00EDE69A /* GlobalView.m in Sources */ = {isa = PBXBuildFile; fileRef = 74C533151BFA128F00EDE69A /* GlobalView.m */; };
		74C533191BFA12E500EDE69A /* PMapViewController.m in Sources */ = {isa = PBXBuildFile; fileRef = 74C533171BFA12E500EDE69A /* PMapViewController.m */; };
		74C5331C1BFA131600EDE69A /* PMapView.m in Sources */ = {isa = PBXBuildFile; fileRef = 74C5331B1BFA131600EDE69A /* PMapView.m */; };
		74CDED2E1BFA629D009893B9 /* PToolbarView.m in Sources */ = {isa = PBXBuildFile; fileRef = 74CDED2D1BFA629D009893B9 /* PToolbarView.m */; };
		74CDED311BFA6E75009893B9 /* Contact.m in Sources */ = {isa = PBXBuildFile; fileRef = 74CDED301BFA6E75009893B9 /* Contact.m */; };
/* End PBXBuildFile section */

/* Begin PBXContainerItemProxy section */
		74C533051BFA0DE000EDE69A /* PBXContainerItemProxy */ = {
			isa = PBXContainerItemProxy;
			containerPortal = 74C532E31BFA0DE000EDE69A /* Project object */;
			proxyType = 1;
			remoteGlobalIDString = 74C532EA1BFA0DE000EDE69A;
			remoteInfo = iSouvenir;
		};
/* End PBXContainerItemProxy section */

/* Begin PBXFileReference section */
		74C532EB1BFA0DE000EDE69A /* iSouvenir.app */ = {isa = PBXFileReference; explicitFileType = wrapper.application; includeInIndex = 0; path = iSouvenir.app; sourceTree = BUILT_PRODUCTS_DIR; };
		74C532EF1BFA0DE000EDE69A /* Info.plist */ = {isa = PBXFileReference; lastKnownFileType = text.plist.xml; path = Info.plist; sourceTree = "<group>"; };
		74C532F01BFA0DE000EDE69A /* main.m */ = {isa = PBXFileReference; lastKnownFileType = sourcecode.c.objc; path = main.m; sourceTree = "<group>"; };
		74C532F21BFA0DE000EDE69A /* AppDelegate.h */ = {isa = PBXFileReference; lastKnownFileType = sourcecode.c.h; path = AppDelegate.h; sourceTree = "<group>"; };
		74C532F31BFA0DE000EDE69A /* AppDelegate.m */ = {isa = PBXFileReference; lastKnownFileType = sourcecode.c.objc; path = AppDelegate.m; sourceTree = "<group>"; };
		74C532F51BFA0DE000EDE69A /* ViewController.h */ = {isa = PBXFileReference; lastKnownFileType = sourcecode.c.h; path = ViewController.h; sourceTree = "<group>"; };
		74C532F61BFA0DE000EDE69A /* ViewController.m */ = {isa = PBXFileReference; lastKnownFileType = sourcecode.c.objc; path = ViewController.m; sourceTree = "<group>"; };
		74C532F91BFA0DE000EDE69A /* Base */ = {isa = PBXFileReference; lastKnownFileType = file.storyboard; name = Base; path = Base.lproj/Main.storyboard; sourceTree = "<group>"; };
		74C532FB1BFA0DE000EDE69A /* Images.xcassets */ = {isa = PBXFileReference; lastKnownFileType = folder.assetcatalog; path = Images.xcassets; sourceTree = "<group>"; };
		74C532FE1BFA0DE000EDE69A /* Base */ = {isa = PBXFileReference; lastKnownFileType = file.xib; name = Base; path = Base.lproj/LaunchScreen.xib; sourceTree = "<group>"; };
		74C533041BFA0DE000EDE69A /* iSouvenirTests.xctest */ = {isa = PBXFileReference; explicitFileType = wrapper.cfbundle; includeInIndex = 0; path = iSouvenirTests.xctest; sourceTree = BUILT_PRODUCTS_DIR; };
		74C533091BFA0DE000EDE69A /* Info.plist */ = {isa = PBXFileReference; lastKnownFileType = text.plist.xml; path = Info.plist; sourceTree = "<group>"; };
		74C5330A1BFA0DE000EDE69A /* iSouvenirTests.m */ = {isa = PBXFileReference; lastKnownFileType = sourcecode.c.objc; path = iSouvenirTests.m; sourceTree = "<group>"; };
		74C533141BFA128F00EDE69A /* GlobalView.h */ = {isa = PBXFileReference; fileEncoding = 4; lastKnownFileType = sourcecode.c.h; path = GlobalView.h; sourceTree = "<group>"; };
		74C533151BFA128F00EDE69A /* GlobalView.m */ = {isa = PBXFileReference; fileEncoding = 4; lastKnownFileType = sourcecode.c.objc; path = GlobalView.m; sourceTree = "<group>"; };
		74C533171BFA12E500EDE69A /* PMapViewController.m */ = {isa = PBXFileReference; fileEncoding = 4; lastKnownFileType = sourcecode.c.objc; path = PMapViewController.m; sourceTree = "<group>"; };
		74C533181BFA12E500EDE69A /* PMapViewController.h */ = {isa = PBXFileReference; fileEncoding = 4; lastKnownFileType = sourcecode.c.h; path = PMapViewController.h; sourceTree = "<group>"; };
		74C5331A1BFA131600EDE69A /* PMapView.h */ = {isa = PBXFileReference; fileEncoding = 4; lastKnownFileType = sourcecode.c.h; path = PMapView.h; sourceTree = "<group>"; };
		74C5331B1BFA131600EDE69A /* PMapView.m */ = {isa = PBXFileReference; fileEncoding = 4; lastKnownFileType = sourcecode.c.objc; path = PMapView.m; sourceTree = "<group>"; };
		74CDED2C1BFA629D009893B9 /* PToolbarView.h */ = {isa = PBXFileReference; fileEncoding = 4; lastKnownFileType = sourcecode.c.h; path = PToolbarView.h; sourceTree = "<group>"; };
		74CDED2D1BFA629D009893B9 /* PToolbarView.m */ = {isa = PBXFileReference; fileEncoding = 4; lastKnownFileType = sourcecode.c.objc; path = PToolbarView.m; sourceTree = "<group>"; };
		74CDED2F1BFA6E75009893B9 /* Contact.h */ = {isa = PBXFileReference; fileEncoding = 4; lastKnownFileType = sourcecode.c.h; path = Contact.h; sourceTree = "<group>"; };
		74CDED301BFA6E75009893B9 /* Contact.m */ = {isa = PBXFileReference; fileEncoding = 4; lastKnownFileType = sourcecode.c.objc; path = Contact.m; sourceTree = "<group>"; };
/* End PBXFileReference section */

/* Begin PBXFrameworksBuildPhase section */
		74C532E81BFA0DE000EDE69A /* Frameworks */ = {
			isa = PBXFrameworksBuildPhase;
			buildActionMask = 2147483647;
			files = (
			);
			runOnlyForDeploymentPostprocessing = 0;
		};
		74C533011BFA0DE000EDE69A /* Frameworks */ = {
			isa = PBXFrameworksBuildPhase;
			buildActionMask = 2147483647;
			files = (
			);
			runOnlyForDeploymentPostprocessing = 0;
		};
/* End PBXFrameworksBuildPhase section */

/* Begin PBXGroup section */
		74C532E21BFA0DE000EDE69A = {
			isa = PBXGroup;
			children = (
				74C532ED1BFA0DE000EDE69A /* iSouvenir */,
				74C533071BFA0DE000EDE69A /* iSouvenirTests */,
				74C532EC1BFA0DE000EDE69A /* Products */,
			);
			sourceTree = "<group>";
		};
		74C532EC1BFA0DE000EDE69A /* Products */ = {
			isa = PBXGroup;
			children = (
				74C532EB1BFA0DE000EDE69A /* iSouvenir.app */,
				74C533041BFA0DE000EDE69A /* iSouvenirTests.xctest */,
			);
			name = Products;
			sourceTree = "<group>";
		};
		74C532ED1BFA0DE000EDE69A /* iSouvenir */ = {
			isa = PBXGroup;
			children = (
				74C532F21BFA0DE000EDE69A /* AppDelegate.h */,
				74C532F31BFA0DE000EDE69A /* AppDelegate.m */,
				74C532F51BFA0DE000EDE69A /* ViewController.h */,
				74C532F61BFA0DE000EDE69A /* ViewController.m */,
				74C533141BFA128F00EDE69A /* GlobalView.h */,
				74C533151BFA128F00EDE69A /* GlobalView.m */,
				74C533181BFA12E500EDE69A /* PMapViewController.h */,
				74C533171BFA12E500EDE69A /* PMapViewController.m */,
				74C5331A1BFA131600EDE69A /* PMapView.h */,
				74C5331B1BFA131600EDE69A /* PMapView.m */,
				74CDED2C1BFA629D009893B9 /* PToolbarView.h */,
				74CDED2D1BFA629D009893B9 /* PToolbarView.m */,
				74CDED321BFA6E7E009893B9 /* Model */,
				74C532F81BFA0DE000EDE69A /* Main.storyboard */,
				74C532FB1BFA0DE000EDE69A /* Images.xcassets */,
				74C532FD1BFA0DE000EDE69A /* LaunchScreen.xib */,
				74C532EE1BFA0DE000EDE69A /* Supporting Files */,
			);
			path = iSouvenir;
			sourceTree = "<group>";
		};
		74C532EE1BFA0DE000EDE69A /* Supporting Files */ = {
			isa = PBXGroup;
			children = (
				74C532EF1BFA0DE000EDE69A /* Info.plist */,
				74C532F01BFA0DE000EDE69A /* main.m */,
			);
			name = "Supporting Files";
			sourceTree = "<group>";
		};
		74C533071BFA0DE000EDE69A /* iSouvenirTests */ = {
			isa = PBXGroup;
			children = (
				74C5330A1BFA0DE000EDE69A /* iSouvenirTests.m */,
				74C533081BFA0DE000EDE69A /* Supporting Files */,
			);
			path = iSouvenirTests;
			sourceTree = "<group>";
		};
		74C533081BFA0DE000EDE69A /* Supporting Files */ = {
			isa = PBXGroup;
			children = (
				74C533091BFA0DE000EDE69A /* Info.plist */,
			);
			name = "Supporting Files";
			sourceTree = "<group>";
		};
		74CDED321BFA6E7E009893B9 /* Model */ = {
			isa = PBXGroup;
			children = (
				74CDED2F1BFA6E75009893B9 /* Contact.h */,
				74CDED301BFA6E75009893B9 /* Contact.m */,
			);
			name = Model;
			sourceTree = "<group>";
		};
/* End PBXGroup section */

/* Begin PBXNativeTarget section */
		74C532EA1BFA0DE000EDE69A /* iSouvenir */ = {
			isa = PBXNativeTarget;
			buildConfigurationList = 74C5330E1BFA0DE000EDE69A /* Build configuration list for PBXNativeTarget "iSouvenir" */;
			buildPhases = (
				74C532E71BFA0DE000EDE69A /* Sources */,
				74C532E81BFA0DE000EDE69A /* Frameworks */,
				74C532E91BFA0DE000EDE69A /* Resources */,
			);
			buildRules = (
			);
			dependencies = (
			);
			name = iSouvenir;
			productName = iSouvenir;
			productReference = 74C532EB1BFA0DE000EDE69A /* iSouvenir.app */;
			productType = "com.apple.product-type.application";
		};
		74C533031BFA0DE000EDE69A /* iSouvenirTests */ = {
			isa = PBXNativeTarget;
			buildConfigurationList = 74C533111BFA0DE000EDE69A /* Build configuration list for PBXNativeTarget "iSouvenirTests" */;
			buildPhases = (
				74C533001BFA0DE000EDE69A /* Sources */,
				74C533011BFA0DE000EDE69A /* Frameworks */,
				74C533021BFA0DE000EDE69A /* Resources */,
			);
			buildRules = (
			);
			dependencies = (
				74C533061BFA0DE000EDE69A /* PBXTargetDependency */,
			);
			name = iSouvenirTests;
			productName = iSouvenirTests;
			productReference = 74C533041BFA0DE000EDE69A /* iSouvenirTests.xctest */;
			productType = "com.apple.product-type.bundle.unit-test";
		};
/* End PBXNativeTarget section */

/* Begin PBXProject section */
		74C532E31BFA0DE000EDE69A /* Project object */ = {
			isa = PBXProject;
			attributes = {
				LastUpgradeCheck = 0640;
				ORGANIZATIONNAME = "ilyas TOUMLILT";
				TargetAttributes = {
					74C532EA1BFA0DE000EDE69A = {
						CreatedOnToolsVersion = 6.4;
					};
					74C533031BFA0DE000EDE69A = {
						CreatedOnToolsVersion = 6.4;
						TestTargetID = 74C532EA1BFA0DE000EDE69A;
					};
				};
			};
			buildConfigurationList = 74C532E61BFA0DE000EDE69A /* Build configuration list for PBXProject "iSouvenir" */;
			compatibilityVersion = "Xcode 3.2";
			developmentRegion = English;
			hasScannedForEncodings = 0;
			knownRegions = (
				en,
				Base,
			);
			mainGroup = 74C532E21BFA0DE000EDE69A;
			productRefGroup = 74C532EC1BFA0DE000EDE69A /* Products */;
			projectDirPath = "";
			projectRoot = "";
			targets = (
				74C532EA1BFA0DE000EDE69A /* iSouvenir */,
				74C533031BFA0DE000EDE69A /* iSouvenirTests */,
			);
		};
/* End PBXProject section */

/* Begin PBXResourcesBuildPhase section */
		74C532E91BFA0DE000EDE69A /* Resources */ = {
			isa = PBXResourcesBuildPhase;
			buildActionMask = 2147483647;
			files = (
				74C532FA1BFA0DE000EDE69A /* Main.storyboard in Resources */,
				74C532FF1BFA0DE000EDE69A /* LaunchScreen.xib in Resources */,
				74C532FC1BFA0DE000EDE69A /* Images.xcassets in Resources */,
			);
			runOnlyForDeploymentPostprocessing = 0;
		};
		74C533021BFA0DE000EDE69A /* Resources */ = {
			isa = PBXResourcesBuildPhase;
			buildActionMask = 2147483647;
			files = (
			);
			runOnlyForDeploymentPostprocessing = 0;
		};
/* End PBXResourcesBuildPhase section */

/* Begin PBXSourcesBuildPhase section */
		74C532E71BFA0DE000EDE69A /* Sources */ = {
			isa = PBXSourcesBuildPhase;
			buildActionMask = 2147483647;
			files = (
				74CDED311BFA6E75009893B9 /* Contact.m in Sources */,
				74C532F71BFA0DE000EDE69A /* ViewController.m in Sources */,
				74C533191BFA12E500EDE69A /* PMapViewController.m in Sources */,
				74C5331C1BFA131600EDE69A /* PMapView.m in Sources */,
				74C532F41BFA0DE000EDE69A /* AppDelegate.m in Sources */,
				74C532F11BFA0DE000EDE69A /* main.m in Sources */,
				74C533161BFA128F00EDE69A /* GlobalView.m in Sources */,
				74CDED2E1BFA629D009893B9 /* PToolbarView.m in Sources */,
			);
			runOnlyForDeploymentPostprocessing = 0;
		};
		74C533001BFA0DE000EDE69A /* Sources */ = {
			isa = PBXSourcesBuildPhase;
			buildActionMask = 2147483647;
			files = (
				74C5330B1BFA0DE000EDE69A /* iSouvenirTests.m in Sources */,
			);
			runOnlyForDeploymentPostprocessing = 0;
		};
/* End PBXSourcesBuildPhase section */

/* Begin PBXTargetDependency section */
		74C533061BFA0DE000EDE69A /* PBXTargetDependency */ = {
			isa = PBXTargetDependency;
			target = 74C532EA1BFA0DE000EDE69A /* iSouvenir */;
			targetProxy = 74C533051BFA0DE000EDE69A /* PBXContainerItemProxy */;
		};
/* End PBXTargetDependency section */

/* Begin PBXVariantGroup section */
		74C532F81BFA0DE000EDE69A /* Main.storyboard */ = {
			isa = PBXVariantGroup;
			children = (
				74C532F91BFA0DE000EDE69A /* Base */,
			);
			name = Main.storyboard;
			sourceTree = "<group>";
		};
		74C532FD1BFA0DE000EDE69A /* LaunchScreen.xib */ = {
			isa = PBXVariantGroup;
			children = (
				74C532FE1BFA0DE000EDE69A /* Base */,
			);
			name = LaunchScreen.xib;
			sourceTree = "<group>";
		};
/* End PBXVariantGroup section */

/* Begin XCBuildConfiguration section */
		74C5330C1BFA0DE000EDE69A /* Debug */ = {
			isa = XCBuildConfiguration;
			buildSettings = {
				ALWAYS_SEARCH_USER_PATHS = NO;
				CLANG_CXX_LANGUAGE_STANDARD = "gnu++0x";
				CLANG_CXX_LIBRARY = "libc++";
				CLANG_ENABLE_MODULES = YES;
				CLANG_ENABLE_OBJC_ARC = YES;
				CLANG_WARN_BOOL_CONVERSION = YES;
				CLANG_WARN_CONSTANT_CONVERSION = YES;
				CLANG_WARN_DIRECT_OBJC_ISA_USAGE = YES_ERROR;
				CLANG_WARN_EMPTY_BODY = YES;
				CLANG_WARN_ENUM_CONVERSION = YES;
				CLANG_WARN_INT_CONVERSION = YES;
				CLANG_WARN_OBJC_ROOT_CLASS = YES_ERROR;
				CLANG_WARN_UNREACHABLE_CODE = YES;
				CLANG_WARN__DUPLICATE_METHOD_MATCH = YES;
				"CODE_SIGN_IDENTITY[sdk=iphoneos*]" = "iPhone Developer";
				COPY_PHASE_STRIP = NO;
				DEBUG_INFORMATION_FORMAT = "dwarf-with-dsym";
				ENABLE_STRICT_OBJC_MSGSEND = YES;
				GCC_C_LANGUAGE_STANDARD = gnu99;
				GCC_DYNAMIC_NO_PIC = NO;
				GCC_NO_COMMON_BLOCKS = YES;
				GCC_OPTIMIZATION_LEVEL = 0;
				GCC_PREPROCESSOR_DEFINITIONS = (
					"DEBUG=1",
					"$(inherited)",
				);
				GCC_SYMBOLS_PRIVATE_EXTERN = NO;
				GCC_WARN_64_TO_32_BIT_CONVERSION = YES;
				GCC_WARN_ABOUT_RETURN_TYPE = YES_ERROR;
				GCC_WARN_UNDECLARED_SELECTOR = YES;
				GCC_WARN_UNINITIALIZED_AUTOS = YES_AGGRESSIVE;
				GCC_WARN_UNUSED_FUNCTION = YES;
				GCC_WARN_UNUSED_VARIABLE = YES;
				IPHONEOS_DEPLOYMENT_TARGET = 8.4;
				MTL_ENABLE_DEBUG_INFO = YES;
				ONLY_ACTIVE_ARCH = YES;
				SDKROOT = iphoneos;
				TARGETED_DEVICE_FAMILY = "1,2";
			};
			name = Debug;
		};
		74C5330D1BFA0DE000EDE69A /* Release */ = {
			isa = XCBuildConfiguration;
			buildSettings = {
				ALWAYS_SEARCH_USER_PATHS = NO;
				CLANG_CXX_LANGUAGE_STANDARD = "gnu++0x";
				CLANG_CXX_LIBRARY = "libc++";
				CLANG_ENABLE_MODULES = YES;
				CLANG_ENABLE_OBJC_ARC = YES;
				CLANG_WARN_BOOL_CONVERSION = YES;
				CLANG_WARN_CONSTANT_CONVERSION = YES;
				CLANG_WARN_DIRECT_OBJC_ISA_USAGE = YES_ERROR;
				CLANG_WARN_EMPTY_BODY = YES;
				CLANG_WARN_ENUM_CONVERSION = YES;
				CLANG_WARN_INT_CONVERSION = YES;
				CLANG_WARN_OBJC_ROOT_CLASS = YES_ERROR;
				CLANG_WARN_UNREACHABLE_CODE = YES;
				CLANG_WARN__DUPLICATE_METHOD_MATCH = YES;
				"CODE_SIGN_IDENTITY[sdk=iphoneos*]" = "iPhone Developer";
				COPY_PHASE_STRIP = NO;
				DEBUG_INFORMATION_FORMAT = "dwarf-with-dsym";
				ENABLE_NS_ASSERTIONS = NO;
				ENABLE_STRICT_OBJC_MSGSEND = YES;
				GCC_C_LANGUAGE_STANDARD = gnu99;
				GCC_NO_COMMON_BLOCKS = YES;
				GCC_WARN_64_TO_32_BIT_CONVERSION = YES;
				GCC_WARN_ABOUT_RETURN_TYPE = YES_ERROR;
				GCC_WARN_UNDECLARED_SELECTOR = YES;
				GCC_WARN_UNINITIALIZED_AUTOS = YES_AGGRESSIVE;
				GCC_WARN_UNUSED_FUNCTION = YES;
				GCC_WARN_UNUSED_VARIABLE = YES;
				IPHONEOS_DEPLOYMENT_TARGET = 8.4;
				MTL_ENABLE_DEBUG_INFO = NO;
				SDKROOT = iphoneos;
				TARGETED_DEVICE_FAMILY = "1,2";
				VALIDATE_PRODUCT = YES;
			};
			name = Release;
		};
		74C5330F1BFA0DE000EDE69A /* Debug */ = {
			isa = XCBuildConfiguration;
			buildSettings = {
				ASSETCATALOG_COMPILER_APPICON_NAME = AppIcon;
				CLANG_ENABLE_OBJC_ARC = NO;
				INFOPLIST_FILE = iSouvenir/Info.plist;
				LD_RUNPATH_SEARCH_PATHS = "$(inherited) @executable_path/Frameworks";
				PRODUCT_NAME = "$(TARGET_NAME)";
			};
			name = Debug;
		};
		74C533101BFA0DE000EDE69A /* Release */ = {
			isa = XCBuildConfiguration;
			buildSettings = {
				ASSETCATALOG_COMPILER_APPICON_NAME = AppIcon;
				CLANG_ENABLE_OBJC_ARC = NO;
				INFOPLIST_FILE = iSouvenir/Info.plist;
				LD_RUNPATH_SEARCH_PATHS = "$(inherited) @executable_path/Frameworks";
				PRODUCT_NAME = "$(TARGET_NAME)";
			};
			name = Release;
		};
		74C533121BFA0DE000EDE69A /* Debug */ = {
			isa = XCBuildConfiguration;
			buildSettings = {
				BUNDLE_LOADER = "$(TEST_HOST)";
				FRAMEWORK_SEARCH_PATHS = (
					"$(SDKROOT)/Developer/Library/Frameworks",
					"$(inherited)",
				);
				GCC_PREPROCESSOR_DEFINITIONS = (
					"DEBUG=1",
					"$(inherited)",
				);
				INFOPLIST_FILE = iSouvenirTests/Info.plist;
				LD_RUNPATH_SEARCH_PATHS = "$(inherited) @executable_path/Frameworks @loader_path/Frameworks";
				PRODUCT_NAME = "$(TARGET_NAME)";
				TEST_HOST = "$(BUILT_PRODUCTS_DIR)/iSouvenir.app/iSouvenir";
			};
			name = Debug;
		};
		74C533131BFA0DE000EDE69A /* Release */ = {
			isa = XCBuildConfiguration;
			buildSettings = {
				BUNDLE_LOADER = "$(TEST_HOST)";
				FRAMEWORK_SEARCH_PATHS = (
					"$(SDKROOT)/Developer/Library/Frameworks",
					"$(inherited)",
				);
				INFOPLIST_FILE = iSouvenirTests/Info.plist;
				LD_RUNPATH_SEARCH_PATHS = "$(inherited) @executable_path/Frameworks @loader_path/Frameworks";
				PRODUCT_NAME = "$(TARGET_NAME)";
				TEST_HOST = "$(BUILT_PRODUCTS_DIR)/iSouvenir.app/iSouvenir";
			};
			name = Release;
		};
/* End XCBuildConfiguration section */

/* Begin XCConfigurationList section */
		74C532E61BFA0DE000EDE69A /* Build configuration list for PBXProject "iSouvenir" */ = {
			isa = XCConfigurationList;
			buildConfigurations = (
				74C5330C1BFA0DE000EDE69A /* Debug */,
				74C5330D1BFA0DE000EDE69A /* Release */,
			);
			defaultConfigurationIsVisible = 0;
			defaultConfigurationName = Release;
		};
		74C5330E1BFA0DE000EDE69A /* Build configuration list for PBXNativeTarget "iSouvenir" */ = {
			isa = XCConfigurationList;
			buildConfigurations = (
				74C5330F1BFA0DE000EDE69A /* Debug */,
				74C533101BFA0DE000EDE69A /* Release */,
			);
			defaultConfigurationIsVisible = 0;
			defaultConfigurationName = Release;
		};
		74C533111BFA0DE000EDE69A /* Build configuration list for PBXNativeTarget "iSouvenirTests" */ = {
			isa = XCConfigurationList;
			buildConfigurations = (
				74C533121BFA0DE000EDE69A /* Debug */,
				74C533131BFA0DE000EDE69A /* Release */,
			);
			defaultConfigurationIsVisible = 0;
			defaultConfigurationName = Release;
		};
/* End XCConfigurationList section */
	};
	rootObject = 74C532E31BFA0DE000EDE69A /* Project object */;
}
