// !$*UTF8*$!
{
	archiveVersion = 1;
	classes = {
	};
	objectVersion = 46;
	objects = {

/* Begin PBXBuildFile section */
		749208191C0255DD002379DE /* main.m in Sources */ = {isa = PBXBuildFile; fileRef = 749208181C0255DD002379DE /* main.m */; };
		7492081C1C0255DD002379DE /* AppDelegate.m in Sources */ = {isa = PBXBuildFile; fileRef = 7492081B1C0255DD002379DE /* AppDelegate.m */; };
		7492081F1C0255DD002379DE /* ViewController.m in Sources */ = {isa = PBXBuildFile; fileRef = 7492081E1C0255DD002379DE /* ViewController.m */; };
		749208221C0255DD002379DE /* Main.storyboard in Resources */ = {isa = PBXBuildFile; fileRef = 749208201C0255DD002379DE /* Main.storyboard */; };
		749208241C0255DD002379DE /* Images.xcassets in Resources */ = {isa = PBXBuildFile; fileRef = 749208231C0255DD002379DE /* Images.xcassets */; };
		749208271C0255DD002379DE /* LaunchScreen.xib in Resources */ = {isa = PBXBuildFile; fileRef = 749208251C0255DD002379DE /* LaunchScreen.xib */; };
		749208331C0255DE002379DE /* MesActivitesTests.m in Sources */ = {isa = PBXBuildFile; fileRef = 749208321C0255DE002379DE /* MesActivitesTests.m */; };
/* End PBXBuildFile section */

/* Begin PBXContainerItemProxy section */
		7492082D1C0255DE002379DE /* PBXContainerItemProxy */ = {
			isa = PBXContainerItemProxy;
			containerPortal = 7492080B1C0255DD002379DE /* Project object */;
			proxyType = 1;
			remoteGlobalIDString = 749208121C0255DD002379DE;
			remoteInfo = MesActivites;
		};
/* End PBXContainerItemProxy section */

/* Begin PBXFileReference section */
		749208131C0255DD002379DE /* MesActivites.app */ = {isa = PBXFileReference; explicitFileType = wrapper.application; includeInIndex = 0; path = MesActivites.app; sourceTree = BUILT_PRODUCTS_DIR; };
		749208171C0255DD002379DE /* Info.plist */ = {isa = PBXFileReference; lastKnownFileType = text.plist.xml; path = Info.plist; sourceTree = "<group>"; };
		749208181C0255DD002379DE /* main.m */ = {isa = PBXFileReference; lastKnownFileType = sourcecode.c.objc; path = main.m; sourceTree = "<group>"; };
		7492081A1C0255DD002379DE /* AppDelegate.h */ = {isa = PBXFileReference; lastKnownFileType = sourcecode.c.h; path = AppDelegate.h; sourceTree = "<group>"; };
		7492081B1C0255DD002379DE /* AppDelegate.m */ = {isa = PBXFileReference; lastKnownFileType = sourcecode.c.objc; path = AppDelegate.m; sourceTree = "<group>"; };
		7492081D1C0255DD002379DE /* ViewController.h */ = {isa = PBXFileReference; lastKnownFileType = sourcecode.c.h; path = ViewController.h; sourceTree = "<group>"; };
		7492081E1C0255DD002379DE /* ViewController.m */ = {isa = PBXFileReference; lastKnownFileType = sourcecode.c.objc; path = ViewController.m; sourceTree = "<group>"; };
		749208211C0255DD002379DE /* Base */ = {isa = PBXFileReference; lastKnownFileType = file.storyboard; name = Base; path = Base.lproj/Main.storyboard; sourceTree = "<group>"; };
		749208231C0255DD002379DE /* Images.xcassets */ = {isa = PBXFileReference; lastKnownFileType = folder.assetcatalog; path = Images.xcassets; sourceTree = "<group>"; };
		749208261C0255DD002379DE /* Base */ = {isa = PBXFileReference; lastKnownFileType = file.xib; name = Base; path = Base.lproj/LaunchScreen.xib; sourceTree = "<group>"; };
		7492082C1C0255DE002379DE /* MesActivitesTests.xctest */ = {isa = PBXFileReference; explicitFileType = wrapper.cfbundle; includeInIndex = 0; path = MesActivitesTests.xctest; sourceTree = BUILT_PRODUCTS_DIR; };
		749208311C0255DE002379DE /* Info.plist */ = {isa = PBXFileReference; lastKnownFileType = text.plist.xml; path = Info.plist; sourceTree = "<group>"; };
		749208321C0255DE002379DE /* MesActivitesTests.m */ = {isa = PBXFileReference; lastKnownFileType = sourcecode.c.objc; path = MesActivitesTests.m; sourceTree = "<group>"; };
/* End PBXFileReference section */

/* Begin PBXFrameworksBuildPhase section */
		749208101C0255DD002379DE /* Frameworks */ = {
			isa = PBXFrameworksBuildPhase;
			buildActionMask = 2147483647;
			files = (
			);
			runOnlyForDeploymentPostprocessing = 0;
		};
		749208291C0255DE002379DE /* Frameworks */ = {
			isa = PBXFrameworksBuildPhase;
			buildActionMask = 2147483647;
			files = (
			);
			runOnlyForDeploymentPostprocessing = 0;
		};
/* End PBXFrameworksBuildPhase section */

/* Begin PBXGroup section */
		7492080A1C0255DD002379DE = {
			isa = PBXGroup;
			children = (
				749208151C0255DD002379DE /* MesActivites */,
				7492082F1C0255DE002379DE /* MesActivitesTests */,
				749208141C0255DD002379DE /* Products */,
			);
			sourceTree = "<group>";
		};
		749208141C0255DD002379DE /* Products */ = {
			isa = PBXGroup;
			children = (
				749208131C0255DD002379DE /* MesActivites.app */,
				7492082C1C0255DE002379DE /* MesActivitesTests.xctest */,
			);
			name = Products;
			sourceTree = "<group>";
		};
		749208151C0255DD002379DE /* MesActivites */ = {
			isa = PBXGroup;
			children = (
				7492081A1C0255DD002379DE /* AppDelegate.h */,
				7492081B1C0255DD002379DE /* AppDelegate.m */,
				7492081D1C0255DD002379DE /* ViewController.h */,
				7492081E1C0255DD002379DE /* ViewController.m */,
				749208201C0255DD002379DE /* Main.storyboard */,
				749208231C0255DD002379DE /* Images.xcassets */,
				749208251C0255DD002379DE /* LaunchScreen.xib */,
				749208161C0255DD002379DE /* Supporting Files */,
			);
			path = MesActivites;
			sourceTree = "<group>";
		};
		749208161C0255DD002379DE /* Supporting Files */ = {
			isa = PBXGroup;
			children = (
				749208171C0255DD002379DE /* Info.plist */,
				749208181C0255DD002379DE /* main.m */,
			);
			name = "Supporting Files";
			sourceTree = "<group>";
		};
		7492082F1C0255DE002379DE /* MesActivitesTests */ = {
			isa = PBXGroup;
			children = (
				749208321C0255DE002379DE /* MesActivitesTests.m */,
				749208301C0255DE002379DE /* Supporting Files */,
			);
			path = MesActivitesTests;
			sourceTree = "<group>";
		};
		749208301C0255DE002379DE /* Supporting Files */ = {
			isa = PBXGroup;
			children = (
				749208311C0255DE002379DE /* Info.plist */,
			);
			name = "Supporting Files";
			sourceTree = "<group>";
		};
/* End PBXGroup section */

/* Begin PBXNativeTarget section */
		749208121C0255DD002379DE /* MesActivites */ = {
			isa = PBXNativeTarget;
			buildConfigurationList = 749208361C0255DE002379DE /* Build configuration list for PBXNativeTarget "MesActivites" */;
			buildPhases = (
				7492080F1C0255DD002379DE /* Sources */,
				749208101C0255DD002379DE /* Frameworks */,
				749208111C0255DD002379DE /* Resources */,
			);
			buildRules = (
			);
			dependencies = (
			);
			name = MesActivites;
			productName = MesActivites;
			productReference = 749208131C0255DD002379DE /* MesActivites.app */;
			productType = "com.apple.product-type.application";
		};
		7492082B1C0255DE002379DE /* MesActivitesTests */ = {
			isa = PBXNativeTarget;
			buildConfigurationList = 749208391C0255DE002379DE /* Build configuration list for PBXNativeTarget "MesActivitesTests" */;
			buildPhases = (
				749208281C0255DE002379DE /* Sources */,
				749208291C0255DE002379DE /* Frameworks */,
				7492082A1C0255DE002379DE /* Resources */,
			);
			buildRules = (
			);
			dependencies = (
				7492082E1C0255DE002379DE /* PBXTargetDependency */,
			);
			name = MesActivitesTests;
			productName = MesActivitesTests;
			productReference = 7492082C1C0255DE002379DE /* MesActivitesTests.xctest */;
			productType = "com.apple.product-type.bundle.unit-test";
		};
/* End PBXNativeTarget section */

/* Begin PBXProject section */
		7492080B1C0255DD002379DE /* Project object */ = {
			isa = PBXProject;
			attributes = {
				LastUpgradeCheck = 0640;
				ORGANIZATIONNAME = "ilyas TOUMLILT";
				TargetAttributes = {
					749208121C0255DD002379DE = {
						CreatedOnToolsVersion = 6.4;
					};
					7492082B1C0255DE002379DE = {
						CreatedOnToolsVersion = 6.4;
						TestTargetID = 749208121C0255DD002379DE;
					};
				};
			};
			buildConfigurationList = 7492080E1C0255DD002379DE /* Build configuration list for PBXProject "MesActivites" */;
			compatibilityVersion = "Xcode 3.2";
			developmentRegion = English;
			hasScannedForEncodings = 0;
			knownRegions = (
				en,
				Base,
			);
			mainGroup = 7492080A1C0255DD002379DE;
			productRefGroup = 749208141C0255DD002379DE /* Products */;
			projectDirPath = "";
			projectRoot = "";
			targets = (
				749208121C0255DD002379DE /* MesActivites */,
				7492082B1C0255DE002379DE /* MesActivitesTests */,
			);
		};
/* End PBXProject section */

/* Begin PBXResourcesBuildPhase section */
		749208111C0255DD002379DE /* Resources */ = {
			isa = PBXResourcesBuildPhase;
			buildActionMask = 2147483647;
			files = (
				749208221C0255DD002379DE /* Main.storyboard in Resources */,
				749208271C0255DD002379DE /* LaunchScreen.xib in Resources */,
				749208241C0255DD002379DE /* Images.xcassets in Resources */,
			);
			runOnlyForDeploymentPostprocessing = 0;
		};
		7492082A1C0255DE002379DE /* Resources */ = {
			isa = PBXResourcesBuildPhase;
			buildActionMask = 2147483647;
			files = (
			);
			runOnlyForDeploymentPostprocessing = 0;
		};
/* End PBXResourcesBuildPhase section */

/* Begin PBXSourcesBuildPhase section */
		7492080F1C0255DD002379DE /* Sources */ = {
			isa = PBXSourcesBuildPhase;
			buildActionMask = 2147483647;
			files = (
				7492081F1C0255DD002379DE /* ViewController.m in Sources */,
				7492081C1C0255DD002379DE /* AppDelegate.m in Sources */,
				749208191C0255DD002379DE /* main.m in Sources */,
			);
			runOnlyForDeploymentPostprocessing = 0;
		};
		749208281C0255DE002379DE /* Sources */ = {
			isa = PBXSourcesBuildPhase;
			buildActionMask = 2147483647;
			files = (
				749208331C0255DE002379DE /* MesActivitesTests.m in Sources */,
			);
			runOnlyForDeploymentPostprocessing = 0;
		};
/* End PBXSourcesBuildPhase section */

/* Begin PBXTargetDependency section */
		7492082E1C0255DE002379DE /* PBXTargetDependency */ = {
			isa = PBXTargetDependency;
			target = 749208121C0255DD002379DE /* MesActivites */;
			targetProxy = 7492082D1C0255DE002379DE /* PBXContainerItemProxy */;
		};
/* End PBXTargetDependency section */

/* Begin PBXVariantGroup section */
		749208201C0255DD002379DE /* Main.storyboard */ = {
			isa = PBXVariantGroup;
			children = (
				749208211C0255DD002379DE /* Base */,
			);
			name = Main.storyboard;
			sourceTree = "<group>";
		};
		749208251C0255DD002379DE /* LaunchScreen.xib */ = {
			isa = PBXVariantGroup;
			children = (
				749208261C0255DD002379DE /* Base */,
			);
			name = LaunchScreen.xib;
			sourceTree = "<group>";
		};
/* End PBXVariantGroup section */

/* Begin XCBuildConfiguration section */
		749208341C0255DE002379DE /* Debug */ = {
			isa = XCBuildConfiguration;
			buildSettings = {
				ALWAYS_SEARCH_USER_PATHS = NO;
				CLANG_CXX_LANGUAGE_STANDARD = "gnu++0x";
				CLANG_CXX_LIBRARY = "libc++";
				CLANG_ENABLE_MODULES = YES;
				CLANG_ENABLE_OBJC_ARC = YES;
				CLANG_WARN_BOOL_CONVERSION = YES;
				CLANG_WARN_CONSTANT_CONVERSION = YES;
				CLANG_WARN_DIRECT_OBJC_ISA_USAGE = YES_ERROR;
				CLANG_WARN_EMPTY_BODY = YES;
				CLANG_WARN_ENUM_CONVERSION = YES;
				CLANG_WARN_INT_CONVERSION = YES;
				CLANG_WARN_OBJC_ROOT_CLASS = YES_ERROR;
				CLANG_WARN_UNREACHABLE_CODE = YES;
				CLANG_WARN__DUPLICATE_METHOD_MATCH = YES;
				"CODE_SIGN_IDENTITY[sdk=iphoneos*]" = "iPhone Developer";
				COPY_PHASE_STRIP = NO;
				DEBUG_INFORMATION_FORMAT = "dwarf-with-dsym";
				ENABLE_STRICT_OBJC_MSGSEND = YES;
				GCC_C_LANGUAGE_STANDARD = gnu99;
				GCC_DYNAMIC_NO_PIC = NO;
				GCC_NO_COMMON_BLOCKS = YES;
				GCC_OPTIMIZATION_LEVEL = 0;
				GCC_PREPROCESSOR_DEFINITIONS = (
					"DEBUG=1",
					"$(inherited)",
				);
				GCC_SYMBOLS_PRIVATE_EXTERN = NO;
				GCC_WARN_64_TO_32_BIT_CONVERSION = YES;
				GCC_WARN_ABOUT_RETURN_TYPE = YES_ERROR;
				GCC_WARN_UNDECLARED_SELECTOR = YES;
				GCC_WARN_UNINITIALIZED_AUTOS = YES_AGGRESSIVE;
				GCC_WARN_UNUSED_FUNCTION = YES;
				GCC_WARN_UNUSED_VARIABLE = YES;
				IPHONEOS_DEPLOYMENT_TARGET = 8.4;
				MTL_ENABLE_DEBUG_INFO = YES;
				ONLY_ACTIVE_ARCH = YES;
				SDKROOT = iphoneos;
				TARGETED_DEVICE_FAMILY = "1,2";
			};
			name = Debug;
		};
		749208351C0255DE002379DE /* Release */ = {
			isa = XCBuildConfiguration;
			buildSettings = {
				ALWAYS_SEARCH_USER_PATHS = NO;
				CLANG_CXX_LANGUAGE_STANDARD = "gnu++0x";
				CLANG_CXX_LIBRARY = "libc++";
				CLANG_ENABLE_MODULES = YES;
				CLANG_ENABLE_OBJC_ARC = YES;
				CLANG_WARN_BOOL_CONVERSION = YES;
				CLANG_WARN_CONSTANT_CONVERSION = YES;
				CLANG_WARN_DIRECT_OBJC_ISA_USAGE = YES_ERROR;
				CLANG_WARN_EMPTY_BODY = YES;
				CLANG_WARN_ENUM_CONVERSION = YES;
				CLANG_WARN_INT_CONVERSION = YES;
				CLANG_WARN_OBJC_ROOT_CLASS = YES_ERROR;
				CLANG_WARN_UNREACHABLE_CODE = YES;
				CLANG_WARN__DUPLICATE_METHOD_MATCH = YES;
				"CODE_SIGN_IDENTITY[sdk=iphoneos*]" = "iPhone Developer";
				COPY_PHASE_STRIP = NO;
				DEBUG_INFORMATION_FORMAT = "dwarf-with-dsym";
				ENABLE_NS_ASSERTIONS = NO;
				ENABLE_STRICT_OBJC_MSGSEND = YES;
				GCC_C_LANGUAGE_STANDARD = gnu99;
				GCC_NO_COMMON_BLOCKS = YES;
				GCC_WARN_64_TO_32_BIT_CONVERSION = YES;
				GCC_WARN_ABOUT_RETURN_TYPE = YES_ERROR;
				GCC_WARN_UNDECLARED_SELECTOR = YES;
				GCC_WARN_UNINITIALIZED_AUTOS = YES_AGGRESSIVE;
				GCC_WARN_UNUSED_FUNCTION = YES;
				GCC_WARN_UNUSED_VARIABLE = YES;
				IPHONEOS_DEPLOYMENT_TARGET = 8.4;
				MTL_ENABLE_DEBUG_INFO = NO;
				SDKROOT = iphoneos;
				TARGETED_DEVICE_FAMILY = "1,2";
				VALIDATE_PRODUCT = YES;
			};
			name = Release;
		};
		749208371C0255DE002379DE /* Debug */ = {
			isa = XCBuildConfiguration;
			buildSettings = {
				ASSETCATALOG_COMPILER_APPICON_NAME = AppIcon;
				CLANG_ENABLE_OBJC_ARC = NO;
				INFOPLIST_FILE = MesActivites/Info.plist;
				LD_RUNPATH_SEARCH_PATHS = "$(inherited) @executable_path/Frameworks";
				PRODUCT_NAME = "$(TARGET_NAME)";
			};
			name = Debug;
		};
		749208381C0255DE002379DE /* Release */ = {
			isa = XCBuildConfiguration;
			buildSettings = {
				ASSETCATALOG_COMPILER_APPICON_NAME = AppIcon;
				CLANG_ENABLE_OBJC_ARC = NO;
				INFOPLIST_FILE = MesActivites/Info.plist;
				LD_RUNPATH_SEARCH_PATHS = "$(inherited) @executable_path/Frameworks";
				PRODUCT_NAME = "$(TARGET_NAME)";
			};
			name = Release;
		};
		7492083A1C0255DE002379DE /* Debug */ = {
			isa = XCBuildConfiguration;
			buildSettings = {
				BUNDLE_LOADER = "$(TEST_HOST)";
				FRAMEWORK_SEARCH_PATHS = (
					"$(SDKROOT)/Developer/Library/Frameworks",
					"$(inherited)",
				);
				GCC_PREPROCESSOR_DEFINITIONS = (
					"DEBUG=1",
					"$(inherited)",
				);
				INFOPLIST_FILE = MesActivitesTests/Info.plist;
				LD_RUNPATH_SEARCH_PATHS = "$(inherited) @executable_path/Frameworks @loader_path/Frameworks";
				PRODUCT_NAME = "$(TARGET_NAME)";
				TEST_HOST = "$(BUILT_PRODUCTS_DIR)/MesActivites.app/MesActivites";
			};
			name = Debug;
		};
		7492083B1C0255DE002379DE /* Release */ = {
			isa = XCBuildConfiguration;
			buildSettings = {
				BUNDLE_LOADER = "$(TEST_HOST)";
				FRAMEWORK_SEARCH_PATHS = (
					"$(SDKROOT)/Developer/Library/Frameworks",
					"$(inherited)",
				);
				INFOPLIST_FILE = MesActivitesTests/Info.plist;
				LD_RUNPATH_SEARCH_PATHS = "$(inherited) @executable_path/Frameworks @loader_path/Frameworks";
				PRODUCT_NAME = "$(TARGET_NAME)";
				TEST_HOST = "$(BUILT_PRODUCTS_DIR)/MesActivites.app/MesActivites";
			};
			name = Release;
		};
/* End XCBuildConfiguration section */

/* Begin XCConfigurationList section */
		7492080E1C0255DD002379DE /* Build configuration list for PBXProject "MesActivites" */ = {
			isa = XCConfigurationList;
			buildConfigurations = (
				749208341C0255DE002379DE /* Debug */,
				749208351C0255DE002379DE /* Release */,
			);
			defaultConfigurationIsVisible = 0;
			defaultConfigurationName = Release;
		};
		749208361C0255DE002379DE /* Build configuration list for PBXNativeTarget "MesActivites" */ = {
			isa = XCConfigurationList;
			buildConfigurations = (
				749208371C0255DE002379DE /* Debug */,
				749208381C0255DE002379DE /* Release */,
			);
			defaultConfigurationIsVisible = 0;
		};
		749208391C0255DE002379DE /* Build configuration list for PBXNativeTarget "MesActivitesTests" */ = {
			isa = XCConfigurationList;
			buildConfigurations = (
				7492083A1C0255DE002379DE /* Debug */,
				7492083B1C0255DE002379DE /* Release */,
			);
			defaultConfigurationIsVisible = 0;
		};
/* End XCConfigurationList section */
	};
	rootObject = 7492080B1C0255DD002379DE /* Project object */;
}
