// !$*UTF8*$!
{
	archiveVersion = 1;
	classes = {
	};
	objectVersion = 46;
	objects = {

/* Begin PBXBuildFile section */
		D6DA56901BCD6AEB009838F5 /* AppDelegate.swift in Sources */ = {isa = PBXBuildFile; fileRef = D6DA568F1BCD6AEB009838F5 /* AppDelegate.swift */; };
		D6DA56921BCD6AEB009838F5 /* ViewController.swift in Sources */ = {isa = PBXBuildFile; fileRef = D6DA56911BCD6AEB009838F5 /* ViewController.swift */; };
		D6DA56951BCD6AEB009838F5 /* Main.storyboard in Resources */ = {isa = PBXBuildFile; fileRef = D6DA56931BCD6AEB009838F5 /* Main.storyboard */; };
		D6DA56971BCD6AEB009838F5 /* Images.xcassets in Resources */ = {isa = PBXBuildFile; fileRef = D6DA56961BCD6AEB009838F5 /* Images.xcassets */; };
		D6DA569A1BCD6AEB009838F5 /* LaunchScreen.xib in Resources */ = {isa = PBXBuildFile; fileRef = D6DA56981BCD6AEB009838F5 /* LaunchScreen.xib */; };
		D6DA56A61BCD6AEB009838F5 /* ImagierQuizzTests.swift in Sources */ = {isa = PBXBuildFile; fileRef = D6DA56A51BCD6AEB009838F5 /* ImagierQuizzTests.swift */; };
		D6DA56B01BCD6B6E009838F5 /* PhotoAlbumView.swift in Sources */ = {isa = PBXBuildFile; fileRef = D6DA56AF1BCD6B6E009838F5 /* PhotoAlbumView.swift */; };
		D6DA56C51BCD84C2009838F5 /* photo-01.jpg in Resources */ = {isa = PBXBuildFile; fileRef = D6DA56B11BCD84C2009838F5 /* photo-01.jpg */; };
		D6DA56C61BCD84C2009838F5 /* photo-02.jpg in Resources */ = {isa = PBXBuildFile; fileRef = D6DA56B21BCD84C2009838F5 /* photo-02.jpg */; };
		D6DA56C71BCD84C2009838F5 /* photo-03.jpg in Resources */ = {isa = PBXBuildFile; fileRef = D6DA56B31BCD84C2009838F5 /* photo-03.jpg */; };
		D6DA56C81BCD84C2009838F5 /* photo-04.jpg in Resources */ = {isa = PBXBuildFile; fileRef = D6DA56B41BCD84C2009838F5 /* photo-04.jpg */; };
		D6DA56C91BCD84C2009838F5 /* photo-05.jpg in Resources */ = {isa = PBXBuildFile; fileRef = D6DA56B51BCD84C2009838F5 /* photo-05.jpg */; };
		D6DA56CA1BCD84C2009838F5 /* photo-06.jpg in Resources */ = {isa = PBXBuildFile; fileRef = D6DA56B61BCD84C2009838F5 /* photo-06.jpg */; };
		D6DA56CB1BCD84C2009838F5 /* photo-07.jpg in Resources */ = {isa = PBXBuildFile; fileRef = D6DA56B71BCD84C2009838F5 /* photo-07.jpg */; };
		D6DA56CC1BCD84C2009838F5 /* photo-08.jpg in Resources */ = {isa = PBXBuildFile; fileRef = D6DA56B81BCD84C2009838F5 /* photo-08.jpg */; };
		D6DA56CD1BCD84C2009838F5 /* photo-09.jpg in Resources */ = {isa = PBXBuildFile; fileRef = D6DA56B91BCD84C2009838F5 /* photo-09.jpg */; };
		D6DA56CE1BCD84C2009838F5 /* photo-10.jpg in Resources */ = {isa = PBXBuildFile; fileRef = D6DA56BA1BCD84C2009838F5 /* photo-10.jpg */; };
		D6DA56CF1BCD84C2009838F5 /* photo-11.jpg in Resources */ = {isa = PBXBuildFile; fileRef = D6DA56BB1BCD84C2009838F5 /* photo-11.jpg */; };
		D6DA56D01BCD84C2009838F5 /* photo-12.jpg in Resources */ = {isa = PBXBuildFile; fileRef = D6DA56BC1BCD84C2009838F5 /* photo-12.jpg */; };
		D6DA56D11BCD84C2009838F5 /* photo-13.jpg in Resources */ = {isa = PBXBuildFile; fileRef = D6DA56BD1BCD84C2009838F5 /* photo-13.jpg */; };
		D6DA56D21BCD84C2009838F5 /* photo-14.jpg in Resources */ = {isa = PBXBuildFile; fileRef = D6DA56BE1BCD84C2009838F5 /* photo-14.jpg */; };
		D6DA56D31BCD84C2009838F5 /* photo-15.jpg in Resources */ = {isa = PBXBuildFile; fileRef = D6DA56BF1BCD84C2009838F5 /* photo-15.jpg */; };
		D6DA56D41BCD84C2009838F5 /* photo-16.jpg in Resources */ = {isa = PBXBuildFile; fileRef = D6DA56C01BCD84C2009838F5 /* photo-16.jpg */; };
		D6DA56D51BCD84C2009838F5 /* photo-17.jpg in Resources */ = {isa = PBXBuildFile; fileRef = D6DA56C11BCD84C2009838F5 /* photo-17.jpg */; };
		D6DA56D61BCD84C2009838F5 /* photo-18.jpg in Resources */ = {isa = PBXBuildFile; fileRef = D6DA56C21BCD84C2009838F5 /* photo-18.jpg */; };
		D6DA56D71BCD84C2009838F5 /* photo-19.jpg in Resources */ = {isa = PBXBuildFile; fileRef = D6DA56C31BCD84C2009838F5 /* photo-19.jpg */; };
		D6DA56D81BCD84C2009838F5 /* photo-20.jpg in Resources */ = {isa = PBXBuildFile; fileRef = D6DA56C41BCD84C2009838F5 /* photo-20.jpg */; };
/* End PBXBuildFile section */

/* Begin PBXContainerItemProxy section */
		D6DA56A01BCD6AEB009838F5 /* PBXContainerItemProxy */ = {
			isa = PBXContainerItemProxy;
			containerPortal = D6DA56821BCD6AEB009838F5 /* Project object */;
			proxyType = 1;
			remoteGlobalIDString = D6DA56891BCD6AEB009838F5;
			remoteInfo = ImagierQuizz;
		};
/* End PBXContainerItemProxy section */

/* Begin PBXFileReference section */
		D6DA568A1BCD6AEB009838F5 /* ImagierQuizz.app */ = {isa = PBXFileReference; explicitFileType = wrapper.application; includeInIndex = 0; path = ImagierQuizz.app; sourceTree = BUILT_PRODUCTS_DIR; };
		D6DA568E1BCD6AEB009838F5 /* Info.plist */ = {isa = PBXFileReference; lastKnownFileType = text.plist.xml; path = Info.plist; sourceTree = "<group>"; };
		D6DA568F1BCD6AEB009838F5 /* AppDelegate.swift */ = {isa = PBXFileReference; lastKnownFileType = sourcecode.swift; path = AppDelegate.swift; sourceTree = "<group>"; };
		D6DA56911BCD6AEB009838F5 /* ViewController.swift */ = {isa = PBXFileReference; lastKnownFileType = sourcecode.swift; path = ViewController.swift; sourceTree = "<group>"; };
		D6DA56941BCD6AEB009838F5 /* Base */ = {isa = PBXFileReference; lastKnownFileType = file.storyboard; name = Base; path = Base.lproj/Main.storyboard; sourceTree = "<group>"; };
		D6DA56961BCD6AEB009838F5 /* Images.xcassets */ = {isa = PBXFileReference; lastKnownFileType = folder.assetcatalog; path = Images.xcassets; sourceTree = "<group>"; };
		D6DA56991BCD6AEB009838F5 /* Base */ = {isa = PBXFileReference; lastKnownFileType = file.xib; name = Base; path = Base.lproj/LaunchScreen.xib; sourceTree = "<group>"; };
		D6DA569F1BCD6AEB009838F5 /* ImagierQuizzTests.xctest */ = {isa = PBXFileReference; explicitFileType = wrapper.cfbundle; includeInIndex = 0; path = ImagierQuizzTests.xctest; sourceTree = BUILT_PRODUCTS_DIR; };
		D6DA56A41BCD6AEB009838F5 /* Info.plist */ = {isa = PBXFileReference; lastKnownFileType = text.plist.xml; path = Info.plist; sourceTree = "<group>"; };
		D6DA56A51BCD6AEB009838F5 /* ImagierQuizzTests.swift */ = {isa = PBXFileReference; lastKnownFileType = sourcecode.swift; path = ImagierQuizzTests.swift; sourceTree = "<group>"; };
		D6DA56AF1BCD6B6E009838F5 /* PhotoAlbumView.swift */ = {isa = PBXFileReference; fileEncoding = 4; lastKnownFileType = sourcecode.swift; name = PhotoAlbumView.swift; path = ../PhotoAlbumView.swift; sourceTree = "<group>"; };
		D6DA56B11BCD84C2009838F5 /* photo-01.jpg */ = {isa = PBXFileReference; lastKnownFileType = image.jpeg; name = "photo-01.jpg"; path = "../photo-01.jpg"; sourceTree = "<group>"; };
		D6DA56B21BCD84C2009838F5 /* photo-02.jpg */ = {isa = PBXFileReference; lastKnownFileType = image.jpeg; name = "photo-02.jpg"; path = "../photo-02.jpg"; sourceTree = "<group>"; };
		D6DA56B31BCD84C2009838F5 /* photo-03.jpg */ = {isa = PBXFileReference; lastKnownFileType = image.jpeg; name = "photo-03.jpg"; path = "../photo-03.jpg"; sourceTree = "<group>"; };
		D6DA56B41BCD84C2009838F5 /* photo-04.jpg */ = {isa = PBXFileReference; lastKnownFileType = image.jpeg; name = "photo-04.jpg"; path = "../photo-04.jpg"; sourceTree = "<group>"; };
		D6DA56B51BCD84C2009838F5 /* photo-05.jpg */ = {isa = PBXFileReference; lastKnownFileType = image.jpeg; name = "photo-05.jpg"; path = "../photo-05.jpg"; sourceTree = "<group>"; };
		D6DA56B61BCD84C2009838F5 /* photo-06.jpg */ = {isa = PBXFileReference; lastKnownFileType = image.jpeg; name = "photo-06.jpg"; path = "../photo-06.jpg"; sourceTree = "<group>"; };
		D6DA56B71BCD84C2009838F5 /* photo-07.jpg */ = {isa = PBXFileReference; lastKnownFileType = image.jpeg; name = "photo-07.jpg"; path = "../photo-07.jpg"; sourceTree = "<group>"; };
		D6DA56B81BCD84C2009838F5 /* photo-08.jpg */ = {isa = PBXFileReference; lastKnownFileType = image.jpeg; name = "photo-08.jpg"; path = "../photo-08.jpg"; sourceTree = "<group>"; };
		D6DA56B91BCD84C2009838F5 /* photo-09.jpg */ = {isa = PBXFileReference; lastKnownFileType = image.jpeg; name = "photo-09.jpg"; path = "../photo-09.jpg"; sourceTree = "<group>"; };
		D6DA56BA1BCD84C2009838F5 /* photo-10.jpg */ = {isa = PBXFileReference; lastKnownFileType = image.jpeg; name = "photo-10.jpg"; path = "../photo-10.jpg"; sourceTree = "<group>"; };
		D6DA56BB1BCD84C2009838F5 /* photo-11.jpg */ = {isa = PBXFileReference; lastKnownFileType = image.jpeg; name = "photo-11.jpg"; path = "../photo-11.jpg"; sourceTree = "<group>"; };
		D6DA56BC1BCD84C2009838F5 /* photo-12.jpg */ = {isa = PBXFileReference; lastKnownFileType = image.jpeg; name = "photo-12.jpg"; path = "../photo-12.jpg"; sourceTree = "<group>"; };
		D6DA56BD1BCD84C2009838F5 /* photo-13.jpg */ = {isa = PBXFileReference; lastKnownFileType = image.jpeg; name = "photo-13.jpg"; path = "../photo-13.jpg"; sourceTree = "<group>"; };
		D6DA56BE1BCD84C2009838F5 /* photo-14.jpg */ = {isa = PBXFileReference; lastKnownFileType = image.jpeg; name = "photo-14.jpg"; path = "../photo-14.jpg"; sourceTree = "<group>"; };
		D6DA56BF1BCD84C2009838F5 /* photo-15.jpg */ = {isa = PBXFileReference; lastKnownFileType = image.jpeg; name = "photo-15.jpg"; path = "../photo-15.jpg"; sourceTree = "<group>"; };
		D6DA56C01BCD84C2009838F5 /* photo-16.jpg */ = {isa = PBXFileReference; lastKnownFileType = image.jpeg; name = "photo-16.jpg"; path = "../photo-16.jpg"; sourceTree = "<group>"; };
		D6DA56C11BCD84C2009838F5 /* photo-17.jpg */ = {isa = PBXFileReference; lastKnownFileType = image.jpeg; name = "photo-17.jpg"; path = "../photo-17.jpg"; sourceTree = "<group>"; };
		D6DA56C21BCD84C2009838F5 /* photo-18.jpg */ = {isa = PBXFileReference; lastKnownFileType = image.jpeg; name = "photo-18.jpg"; path = "../photo-18.jpg"; sourceTree = "<group>"; };
		D6DA56C31BCD84C2009838F5 /* photo-19.jpg */ = {isa = PBXFileReference; lastKnownFileType = image.jpeg; name = "photo-19.jpg"; path = "../photo-19.jpg"; sourceTree = "<group>"; };
		D6DA56C41BCD84C2009838F5 /* photo-20.jpg */ = {isa = PBXFileReference; lastKnownFileType = image.jpeg; name = "photo-20.jpg"; path = "../photo-20.jpg"; sourceTree = "<group>"; };
/* End PBXFileReference section */

/* Begin PBXFrameworksBuildPhase section */
		D6DA56871BCD6AEB009838F5 /* Frameworks */ = {
			isa = PBXFrameworksBuildPhase;
			buildActionMask = 2147483647;
			files = (
			);
			runOnlyForDeploymentPostprocessing = 0;
		};
		D6DA569C1BCD6AEB009838F5 /* Frameworks */ = {
			isa = PBXFrameworksBuildPhase;
			buildActionMask = 2147483647;
			files = (
			);
			runOnlyForDeploymentPostprocessing = 0;
		};
/* End PBXFrameworksBuildPhase section */

/* Begin PBXGroup section */
		D6DA56811BCD6AEB009838F5 = {
			isa = PBXGroup;
			children = (
				D6DA568C1BCD6AEB009838F5 /* ImagierQuizz */,
				D6DA56A21BCD6AEB009838F5 /* ImagierQuizzTests */,
				D6DA568B1BCD6AEB009838F5 /* Products */,
			);
			sourceTree = "<group>";
		};
		D6DA568B1BCD6AEB009838F5 /* Products */ = {
			isa = PBXGroup;
			children = (
				D6DA568A1BCD6AEB009838F5 /* ImagierQuizz.app */,
				D6DA569F1BCD6AEB009838F5 /* ImagierQuizzTests.xctest */,
			);
			name = Products;
			sourceTree = "<group>";
		};
		D6DA568C1BCD6AEB009838F5 /* ImagierQuizz */ = {
			isa = PBXGroup;
			children = (
				D6DA56B11BCD84C2009838F5 /* photo-01.jpg */,
				D6DA56B21BCD84C2009838F5 /* photo-02.jpg */,
				D6DA56B31BCD84C2009838F5 /* photo-03.jpg */,
				D6DA56B41BCD84C2009838F5 /* photo-04.jpg */,
				D6DA56B51BCD84C2009838F5 /* photo-05.jpg */,
				D6DA56B61BCD84C2009838F5 /* photo-06.jpg */,
				D6DA56B71BCD84C2009838F5 /* photo-07.jpg */,
				D6DA56B81BCD84C2009838F5 /* photo-08.jpg */,
				D6DA56B91BCD84C2009838F5 /* photo-09.jpg */,
				D6DA56BA1BCD84C2009838F5 /* photo-10.jpg */,
				D6DA56BB1BCD84C2009838F5 /* photo-11.jpg */,
				D6DA56BC1BCD84C2009838F5 /* photo-12.jpg */,
				D6DA56BD1BCD84C2009838F5 /* photo-13.jpg */,
				D6DA56BE1BCD84C2009838F5 /* photo-14.jpg */,
				D6DA56BF1BCD84C2009838F5 /* photo-15.jpg */,
				D6DA56C01BCD84C2009838F5 /* photo-16.jpg */,
				D6DA56C11BCD84C2009838F5 /* photo-17.jpg */,
				D6DA56C21BCD84C2009838F5 /* photo-18.jpg */,
				D6DA56C31BCD84C2009838F5 /* photo-19.jpg */,
				D6DA56C41BCD84C2009838F5 /* photo-20.jpg */,
				D6DA56AF1BCD6B6E009838F5 /* PhotoAlbumView.swift */,
				D6DA568F1BCD6AEB009838F5 /* AppDelegate.swift */,
				D6DA56911BCD6AEB009838F5 /* ViewController.swift */,
				D6DA56931BCD6AEB009838F5 /* Main.storyboard */,
				D6DA56961BCD6AEB009838F5 /* Images.xcassets */,
				D6DA56981BCD6AEB009838F5 /* LaunchScreen.xib */,
				D6DA568D1BCD6AEB009838F5 /* Supporting Files */,
			);
			path = ImagierQuizz;
			sourceTree = "<group>";
		};
		D6DA568D1BCD6AEB009838F5 /* Supporting Files */ = {
			isa = PBXGroup;
			children = (
				D6DA568E1BCD6AEB009838F5 /* Info.plist */,
			);
			name = "Supporting Files";
			sourceTree = "<group>";
		};
		D6DA56A21BCD6AEB009838F5 /* ImagierQuizzTests */ = {
			isa = PBXGroup;
			children = (
				D6DA56A51BCD6AEB009838F5 /* ImagierQuizzTests.swift */,
				D6DA56A31BCD6AEB009838F5 /* Supporting Files */,
			);
			path = ImagierQuizzTests;
			sourceTree = "<group>";
		};
		D6DA56A31BCD6AEB009838F5 /* Supporting Files */ = {
			isa = PBXGroup;
			children = (
				D6DA56A41BCD6AEB009838F5 /* Info.plist */,
			);
			name = "Supporting Files";
			sourceTree = "<group>";
		};
/* End PBXGroup section */

/* Begin PBXNativeTarget section */
		D6DA56891BCD6AEB009838F5 /* ImagierQuizz */ = {
			isa = PBXNativeTarget;
			buildConfigurationList = D6DA56A91BCD6AEB009838F5 /* Build configuration list for PBXNativeTarget "ImagierQuizz" */;
			buildPhases = (
				D6DA56861BCD6AEB009838F5 /* Sources */,
				D6DA56871BCD6AEB009838F5 /* Frameworks */,
				D6DA56881BCD6AEB009838F5 /* Resources */,
			);
			buildRules = (
			);
			dependencies = (
			);
			name = ImagierQuizz;
			productName = ImagierQuizz;
			productReference = D6DA568A1BCD6AEB009838F5 /* ImagierQuizz.app */;
			productType = "com.apple.product-type.application";
		};
		D6DA569E1BCD6AEB009838F5 /* ImagierQuizzTests */ = {
			isa = PBXNativeTarget;
			buildConfigurationList = D6DA56AC1BCD6AEB009838F5 /* Build configuration list for PBXNativeTarget "ImagierQuizzTests" */;
			buildPhases = (
				D6DA569B1BCD6AEB009838F5 /* Sources */,
				D6DA569C1BCD6AEB009838F5 /* Frameworks */,
				D6DA569D1BCD6AEB009838F5 /* Resources */,
			);
			buildRules = (
			);
			dependencies = (
				D6DA56A11BCD6AEB009838F5 /* PBXTargetDependency */,
			);
			name = ImagierQuizzTests;
			productName = ImagierQuizzTests;
			productReference = D6DA569F1BCD6AEB009838F5 /* ImagierQuizzTests.xctest */;
			productType = "com.apple.product-type.bundle.unit-test";
		};
/* End PBXNativeTarget section */

/* Begin PBXProject section */
		D6DA56821BCD6AEB009838F5 /* Project object */ = {
			isa = PBXProject;
			attributes = {
				LastUpgradeCheck = 0640;
				ORGANIZATIONNAME = m2sar;
				TargetAttributes = {
					D6DA56891BCD6AEB009838F5 = {
						CreatedOnToolsVersion = 6.4;
					};
					D6DA569E1BCD6AEB009838F5 = {
						CreatedOnToolsVersion = 6.4;
						TestTargetID = D6DA56891BCD6AEB009838F5;
					};
				};
			};
			buildConfigurationList = D6DA56851BCD6AEB009838F5 /* Build configuration list for PBXProject "ImagierQuizz" */;
			compatibilityVersion = "Xcode 3.2";
			developmentRegion = English;
			hasScannedForEncodings = 0;
			knownRegions = (
				en,
				Base,
			);
			mainGroup = D6DA56811BCD6AEB009838F5;
			productRefGroup = D6DA568B1BCD6AEB009838F5 /* Products */;
			projectDirPath = "";
			projectRoot = "";
			targets = (
				D6DA56891BCD6AEB009838F5 /* ImagierQuizz */,
				D6DA569E1BCD6AEB009838F5 /* ImagierQuizzTests */,
			);
		};
/* End PBXProject section */

/* Begin PBXResourcesBuildPhase section */
		D6DA56881BCD6AEB009838F5 /* Resources */ = {
			isa = PBXResourcesBuildPhase;
			buildActionMask = 2147483647;
			files = (
				D6DA56D41BCD84C2009838F5 /* photo-16.jpg in Resources */,
				D6DA56951BCD6AEB009838F5 /* Main.storyboard in Resources */,
				D6DA56C71BCD84C2009838F5 /* photo-03.jpg in Resources */,
				D6DA569A1BCD6AEB009838F5 /* LaunchScreen.xib in Resources */,
				D6DA56CE1BCD84C2009838F5 /* photo-10.jpg in Resources */,
				D6DA56D31BCD84C2009838F5 /* photo-15.jpg in Resources */,
				D6DA56CB1BCD84C2009838F5 /* photo-07.jpg in Resources */,
				D6DA56971BCD6AEB009838F5 /* Images.xcassets in Resources */,
				D6DA56D11BCD84C2009838F5 /* photo-13.jpg in Resources */,
				D6DA56CA1BCD84C2009838F5 /* photo-06.jpg in Resources */,
				D6DA56CC1BCD84C2009838F5 /* photo-08.jpg in Resources */,
				D6DA56CD1BCD84C2009838F5 /* photo-09.jpg in Resources */,
				D6DA56D21BCD84C2009838F5 /* photo-14.jpg in Resources */,
				D6DA56C61BCD84C2009838F5 /* photo-02.jpg in Resources */,
				D6DA56D71BCD84C2009838F5 /* photo-19.jpg in Resources */,
				D6DA56C51BCD84C2009838F5 /* photo-01.jpg in Resources */,
				D6DA56C81BCD84C2009838F5 /* photo-04.jpg in Resources */,
				D6DA56CF1BCD84C2009838F5 /* photo-11.jpg in Resources */,
				D6DA56D01BCD84C2009838F5 /* photo-12.jpg in Resources */,
				D6DA56D51BCD84C2009838F5 /* photo-17.jpg in Resources */,
				D6DA56D81BCD84C2009838F5 /* photo-20.jpg in Resources */,
				D6DA56D61BCD84C2009838F5 /* photo-18.jpg in Resources */,
				D6DA56C91BCD84C2009838F5 /* photo-05.jpg in Resources */,
			);
			runOnlyForDeploymentPostprocessing = 0;
		};
		D6DA569D1BCD6AEB009838F5 /* Resources */ = {
			isa = PBXResourcesBuildPhase;
			buildActionMask = 2147483647;
			files = (
			);
			runOnlyForDeploymentPostprocessing = 0;
		};
/* End PBXResourcesBuildPhase section */

/* Begin PBXSourcesBuildPhase section */
		D6DA56861BCD6AEB009838F5 /* Sources */ = {
			isa = PBXSourcesBuildPhase;
			buildActionMask = 2147483647;
			files = (
				D6DA56921BCD6AEB009838F5 /* ViewController.swift in Sources */,
				D6DA56901BCD6AEB009838F5 /* AppDelegate.swift in Sources */,
				D6DA56B01BCD6B6E009838F5 /* PhotoAlbumView.swift in Sources */,
			);
			runOnlyForDeploymentPostprocessing = 0;
		};
		D6DA569B1BCD6AEB009838F5 /* Sources */ = {
			isa = PBXSourcesBuildPhase;
			buildActionMask = 2147483647;
			files = (
				D6DA56A61BCD6AEB009838F5 /* ImagierQuizzTests.swift in Sources */,
			);
			runOnlyForDeploymentPostprocessing = 0;
		};
/* End PBXSourcesBuildPhase section */

/* Begin PBXTargetDependency section */
		D6DA56A11BCD6AEB009838F5 /* PBXTargetDependency */ = {
			isa = PBXTargetDependency;
			target = D6DA56891BCD6AEB009838F5 /* ImagierQuizz */;
			targetProxy = D6DA56A01BCD6AEB009838F5 /* PBXContainerItemProxy */;
		};
/* End PBXTargetDependency section */

/* Begin PBXVariantGroup section */
		D6DA56931BCD6AEB009838F5 /* Main.storyboard */ = {
			isa = PBXVariantGroup;
			children = (
				D6DA56941BCD6AEB009838F5 /* Base */,
			);
			name = Main.storyboard;
			sourceTree = "<group>";
		};
		D6DA56981BCD6AEB009838F5 /* LaunchScreen.xib */ = {
			isa = PBXVariantGroup;
			children = (
				D6DA56991BCD6AEB009838F5 /* Base */,
			);
			name = LaunchScreen.xib;
			sourceTree = "<group>";
		};
/* End PBXVariantGroup section */

/* Begin XCBuildConfiguration section */
		D6DA56A71BCD6AEB009838F5 /* Debug */ = {
			isa = XCBuildConfiguration;
			buildSettings = {
				ALWAYS_SEARCH_USER_PATHS = NO;
				CLANG_CXX_LANGUAGE_STANDARD = "gnu++0x";
				CLANG_CXX_LIBRARY = "libc++";
				CLANG_ENABLE_MODULES = YES;
				CLANG_ENABLE_OBJC_ARC = YES;
				CLANG_WARN_BOOL_CONVERSION = YES;
				CLANG_WARN_CONSTANT_CONVERSION = YES;
				CLANG_WARN_DIRECT_OBJC_ISA_USAGE = YES_ERROR;
				CLANG_WARN_EMPTY_BODY = YES;
				CLANG_WARN_ENUM_CONVERSION = YES;
				CLANG_WARN_INT_CONVERSION = YES;
				CLANG_WARN_OBJC_ROOT_CLASS = YES_ERROR;
				CLANG_WARN_UNREACHABLE_CODE = YES;
				CLANG_WARN__DUPLICATE_METHOD_MATCH = YES;
				"CODE_SIGN_IDENTITY[sdk=iphoneos*]" = "iPhone Developer";
				COPY_PHASE_STRIP = NO;
				DEBUG_INFORMATION_FORMAT = "dwarf-with-dsym";
				ENABLE_STRICT_OBJC_MSGSEND = YES;
				GCC_C_LANGUAGE_STANDARD = gnu99;
				GCC_DYNAMIC_NO_PIC = NO;
				GCC_NO_COMMON_BLOCKS = YES;
				GCC_OPTIMIZATION_LEVEL = 0;
				GCC_PREPROCESSOR_DEFINITIONS = (
					"DEBUG=1",
					"$(inherited)",
				);
				GCC_SYMBOLS_PRIVATE_EXTERN = NO;
				GCC_WARN_64_TO_32_BIT_CONVERSION = YES;
				GCC_WARN_ABOUT_RETURN_TYPE = YES_ERROR;
				GCC_WARN_UNDECLARED_SELECTOR = YES;
				GCC_WARN_UNINITIALIZED_AUTOS = YES_AGGRESSIVE;
				GCC_WARN_UNUSED_FUNCTION = YES;
				GCC_WARN_UNUSED_VARIABLE = YES;
				IPHONEOS_DEPLOYMENT_TARGET = 8.4;
				MTL_ENABLE_DEBUG_INFO = YES;
				ONLY_ACTIVE_ARCH = YES;
				SDKROOT = iphoneos;
				SWIFT_OPTIMIZATION_LEVEL = "-Onone";
				TARGETED_DEVICE_FAMILY = "1,2";
			};
			name = Debug;
		};
		D6DA56A81BCD6AEB009838F5 /* Release */ = {
			isa = XCBuildConfiguration;
			buildSettings = {
				ALWAYS_SEARCH_USER_PATHS = NO;
				CLANG_CXX_LANGUAGE_STANDARD = "gnu++0x";
				CLANG_CXX_LIBRARY = "libc++";
				CLANG_ENABLE_MODULES = YES;
				CLANG_ENABLE_OBJC_ARC = YES;
				CLANG_WARN_BOOL_CONVERSION = YES;
				CLANG_WARN_CONSTANT_CONVERSION = YES;
				CLANG_WARN_DIRECT_OBJC_ISA_USAGE = YES_ERROR;
				CLANG_WARN_EMPTY_BODY = YES;
				CLANG_WARN_ENUM_CONVERSION = YES;
				CLANG_WARN_INT_CONVERSION = YES;
				CLANG_WARN_OBJC_ROOT_CLASS = YES_ERROR;
				CLANG_WARN_UNREACHABLE_CODE = YES;
				CLANG_WARN__DUPLICATE_METHOD_MATCH = YES;
				"CODE_SIGN_IDENTITY[sdk=iphoneos*]" = "iPhone Developer";
				COPY_PHASE_STRIP = NO;
				DEBUG_INFORMATION_FORMAT = "dwarf-with-dsym";
				ENABLE_NS_ASSERTIONS = NO;
				ENABLE_STRICT_OBJC_MSGSEND = YES;
				GCC_C_LANGUAGE_STANDARD = gnu99;
				GCC_NO_COMMON_BLOCKS = YES;
				GCC_WARN_64_TO_32_BIT_CONVERSION = YES;
				GCC_WARN_ABOUT_RETURN_TYPE = YES_ERROR;
				GCC_WARN_UNDECLARED_SELECTOR = YES;
				GCC_WARN_UNINITIALIZED_AUTOS = YES_AGGRESSIVE;
				GCC_WARN_UNUSED_FUNCTION = YES;
				GCC_WARN_UNUSED_VARIABLE = YES;
				IPHONEOS_DEPLOYMENT_TARGET = 8.4;
				MTL_ENABLE_DEBUG_INFO = NO;
				SDKROOT = iphoneos;
				TARGETED_DEVICE_FAMILY = "1,2";
				VALIDATE_PRODUCT = YES;
			};
			name = Release;
		};
		D6DA56AA1BCD6AEB009838F5 /* Debug */ = {
			isa = XCBuildConfiguration;
			buildSettings = {
				ASSETCATALOG_COMPILER_APPICON_NAME = AppIcon;
				INFOPLIST_FILE = ImagierQuizz/Info.plist;
				LD_RUNPATH_SEARCH_PATHS = "$(inherited) @executable_path/Frameworks";
				PRODUCT_NAME = "$(TARGET_NAME)";
			};
			name = Debug;
		};
		D6DA56AB1BCD6AEB009838F5 /* Release */ = {
			isa = XCBuildConfiguration;
			buildSettings = {
				ASSETCATALOG_COMPILER_APPICON_NAME = AppIcon;
				INFOPLIST_FILE = ImagierQuizz/Info.plist;
				LD_RUNPATH_SEARCH_PATHS = "$(inherited) @executable_path/Frameworks";
				PRODUCT_NAME = "$(TARGET_NAME)";
			};
			name = Release;
		};
		D6DA56AD1BCD6AEB009838F5 /* Debug */ = {
			isa = XCBuildConfiguration;
			buildSettings = {
				BUNDLE_LOADER = "$(TEST_HOST)";
				FRAMEWORK_SEARCH_PATHS = (
					"$(SDKROOT)/Developer/Library/Frameworks",
					"$(inherited)",
				);
				GCC_PREPROCESSOR_DEFINITIONS = (
					"DEBUG=1",
					"$(inherited)",
				);
				INFOPLIST_FILE = ImagierQuizzTests/Info.plist;
				LD_RUNPATH_SEARCH_PATHS = "$(inherited) @executable_path/Frameworks @loader_path/Frameworks";
				PRODUCT_NAME = "$(TARGET_NAME)";
				TEST_HOST = "$(BUILT_PRODUCTS_DIR)/ImagierQuizz.app/ImagierQuizz";
			};
			name = Debug;
		};
		D6DA56AE1BCD6AEB009838F5 /* Release */ = {
			isa = XCBuildConfiguration;
			buildSettings = {
				BUNDLE_LOADER = "$(TEST_HOST)";
				FRAMEWORK_SEARCH_PATHS = (
					"$(SDKROOT)/Developer/Library/Frameworks",
					"$(inherited)",
				);
				INFOPLIST_FILE = ImagierQuizzTests/Info.plist;
				LD_RUNPATH_SEARCH_PATHS = "$(inherited) @executable_path/Frameworks @loader_path/Frameworks";
				PRODUCT_NAME = "$(TARGET_NAME)";
				TEST_HOST = "$(BUILT_PRODUCTS_DIR)/ImagierQuizz.app/ImagierQuizz";
			};
			name = Release;
		};
/* End XCBuildConfiguration section */

/* Begin XCConfigurationList section */
		D6DA56851BCD6AEB009838F5 /* Build configuration list for PBXProject "ImagierQuizz" */ = {
			isa = XCConfigurationList;
			buildConfigurations = (
				D6DA56A71BCD6AEB009838F5 /* Debug */,
				D6DA56A81BCD6AEB009838F5 /* Release */,
			);
			defaultConfigurationIsVisible = 0;
			defaultConfigurationName = Release;
		};
		D6DA56A91BCD6AEB009838F5 /* Build configuration list for PBXNativeTarget "ImagierQuizz" */ = {
			isa = XCConfigurationList;
			buildConfigurations = (
				D6DA56AA1BCD6AEB009838F5 /* Debug */,
				D6DA56AB1BCD6AEB009838F5 /* Release */,
			);
			defaultConfigurationIsVisible = 0;
		};
		D6DA56AC1BCD6AEB009838F5 /* Build configuration list for PBXNativeTarget "ImagierQuizzTests" */ = {
			isa = XCConfigurationList;
			buildConfigurations = (
				D6DA56AD1BCD6AEB009838F5 /* Debug */,
				D6DA56AE1BCD6AEB009838F5 /* Release */,
			);
			defaultConfigurationIsVisible = 0;
		};
/* End XCConfigurationList section */
	};
	rootObject = D6DA56821BCD6AEB009838F5 /* Project object */;
}
